
Microsoft Visual Studio Solution File, Format Version 12.00
# Visual Studio Version 16
VisualStudioVersion = 16.0.31129.286
MinimumVisualStudioVersion = 10.0.40219.1
Project("{FAE04EC0-301F-11D3-BF4B-00C04F79EFBC}") = "IG1", "IG1.csproj", "{7C47CA0E-D540-4D58-8BAD-A980867562C4}"
EndProject
Global
	GlobalSection(SolutionConfigurationPlatforms) = preSolution
		Debug|Any CPU = Debug|Any CPU
		Release|Any CPU = Release|Any CPU
	EndGlobalSection
	GlobalSection(ProjectConfigurationPlatforms) = postSolution
		{7C47CA0E-D540-4D58-8BAD-A980867562C4}.Debug|Any CPU.ActiveCfg = Debug|Any CPU
		{7C47CA0E-D540-4D58-8BAD-A980867562C4}.Debug|Any CPU.Build.0 = Debug|Any CPU
		{7C47CA0E-D540-4D58-8BAD-A980867562C4}.Release|Any CPU.ActiveCfg = Release|Any CPU
		{7C47CA0E-D540-4D58-8BAD-A980867562C4}.Release|Any CPU.Build.0 = Release|Any CPU
	EndGlobalSection
	GlobalSection(SolutionProperties) = preSolution
		HideSolutionNode = FALSE
	EndGlobalSection
	GlobalSection(ExtensibilityGlobals) = postSolution
		SolutionGuid = {444DA284-707F-4C1C-AFBB-30C2D1E0B587}
	EndGlobalSection
EndGlobal
